// !$*UTF8*$!
{
	archiveVersion = 1;
	classes = {
	};
	objectVersion = 46;
	objects = {

/* Begin PBXBuildFile section */
		3257FD40192C42E200F5B710 /* silentmovie_logo.jpg in Resources */ = {isa = PBXBuildFile; fileRef = 3257FD3F192C42E200F5B710 /* silentmovie_logo.jpg */; };
		3257FD42192C468800F5B710 /* login_strip.jpg in Resources */ = {isa = PBXBuildFile; fileRef = 3257FD41192C468800F5B710 /* login_strip.jpg */; };
		3257FD45192C4D5500F5B710 /* M3CompiledVideo.m in Sources */ = {isa = PBXBuildFile; fileRef = 3257FD44192C4D5500F5B710 /* M3CompiledVideo.m */; };
		34A56DFA1916F5CA00F12D84 /* M3CreateCardViewController.m in Sources */ = {isa = PBXBuildFile; fileRef = 34A56DF81916F5CA00F12D84 /* M3CreateCardViewController.m */; };
		34A56DFB1916F5CA00F12D84 /* M3CreateCardViewController.xib in Resources */ = {isa = PBXBuildFile; fileRef = 34A56DF91916F5CA00F12D84 /* M3CreateCardViewController.xib */; };
		34A56E03191701F700F12D84 /* silent movie card portrait.jpg in Resources */ = {isa = PBXBuildFile; fileRef = 34A56E02191701F700F12D84 /* silent movie card portrait.jpg */; };
		58B626A58122456CA9345775 /* libPods.a in Frameworks */ = {isa = PBXBuildFile; fileRef = 2D24900D56864186B9B7A609 /* libPods.a */; };
		BD2FEC3D19104C0700C44ACB /* M3NavigationController.m in Sources */ = {isa = PBXBuildFile; fileRef = BD2FEC3C19104C0700C44ACB /* M3NavigationController.m */; };
		BD2FEC4019104C5B00C44ACB /* M3ThreadListViewController.m in Sources */ = {isa = PBXBuildFile; fileRef = BD2FEC3F19104C5B00C44ACB /* M3ThreadListViewController.m */; };
		BD2FEC4519104E4000C44ACB /* M3Thread.m in Sources */ = {isa = PBXBuildFile; fileRef = BD2FEC4419104E4000C44ACB /* M3Thread.m */; };
		BD2FEC48191056B300C44ACB /* M3Post.m in Sources */ = {isa = PBXBuildFile; fileRef = BD2FEC47191056B300C44ACB /* M3Post.m */; };
		BD2FEC4B1910572800C44ACB /* M3ThreadViewController.m in Sources */ = {isa = PBXBuildFile; fileRef = BD2FEC4A1910572800C44ACB /* M3ThreadViewController.m */; };
		BD2FEC4D19105C4E00C44ACB /* test7.mp4 in Resources */ = {isa = PBXBuildFile; fileRef = BD2FEC4C19105B0F00C44ACB /* test7.mp4 */; };
		BD2FEC4F19106C2000C44ACB /* MediaPlayer.framework in Frameworks */ = {isa = PBXBuildFile; fileRef = BD2FEC4E19106C2000C44ACB /* MediaPlayer.framework */; };
		BD2FEC531910846200C44ACB /* M3SignUpViewController.m in Sources */ = {isa = PBXBuildFile; fileRef = BD2FEC511910846200C44ACB /* M3SignUpViewController.m */; };
		BD2FEC541910846200C44ACB /* M3SignUpViewController.xib in Resources */ = {isa = PBXBuildFile; fileRef = BD2FEC521910846200C44ACB /* M3SignUpViewController.xib */; };
		BD2FEC611910981C00C44ACB /* AVFoundation.framework in Frameworks */ = {isa = PBXBuildFile; fileRef = BD2FEC601910981C00C44ACB /* AVFoundation.framework */; };
		BD2FEC631910987400C44ACB /* AVCamViewController.xib in Resources */ = {isa = PBXBuildFile; fileRef = BD2FEC621910987400C44ACB /* AVCamViewController.xib */; };
		BD2FEC681910989400C44ACB /* AVCamPreviewView.m in Sources */ = {isa = PBXBuildFile; fileRef = BD2FEC651910989400C44ACB /* AVCamPreviewView.m */; };
		BD2FEC691910989400C44ACB /* AVCamViewController.m in Sources */ = {isa = PBXBuildFile; fileRef = BD2FEC671910989400C44ACB /* AVCamViewController.m */; };
		BD2FEC6B191098F100C44ACB /* AssetsLibrary.framework in Frameworks */ = {isa = PBXBuildFile; fileRef = BD2FEC6A191098F100C44ACB /* AssetsLibrary.framework */; };
		BD2FEC6F19109B8800C44ACB /* libicucore.dylib in Frameworks */ = {isa = PBXBuildFile; fileRef = BD2FEC6E19109B8800C44ACB /* libicucore.dylib */; };
		BD2FEC7119109B9500C44ACB /* CoreData.framework in Frameworks */ = {isa = PBXBuildFile; fileRef = BD2FEC7019109B9500C44ACB /* CoreData.framework */; };
		BD2FEC7A1910B6B800C44ACB /* PFUser+SilentFilm.m in Sources */ = {isa = PBXBuildFile; fileRef = BD2FEC791910B6B800C44ACB /* PFUser+SilentFilm.m */; };
		BD54770A1916E95D00C64850 /* M3AssetRenderer.m in Sources */ = {isa = PBXBuildFile; fileRef = BD5477091916E95D00C64850 /* M3AssetRenderer.m */; };
		BD54770E1916FFF700C64850 /* silent-film.jpg in Resources */ = {isa = PBXBuildFile; fileRef = BD54770D1916FFF700C64850 /* silent-film.jpg */; };
		BD547711191716DB00C64850 /* M3Video.m in Sources */ = {isa = PBXBuildFile; fileRef = BD547710191716DB00C64850 /* M3Video.m */; };
		BD7418E7192B30A40001C642 /* M3ThreadViewController.xib in Resources */ = {isa = PBXBuildFile; fileRef = BD7418E6192B30A40001C642 /* M3ThreadViewController.xib */; };
		BD7418EA192B31720001C642 /* M3CompiledVideo.m in Sources */ = {isa = PBXBuildFile; fileRef = BD7418E9192B31720001C642 /* M3CompiledVideo.m */; };
		BDB959FC190F67DF0092AD8F /* Foundation.framework in Frameworks */ = {isa = PBXBuildFile; fileRef = BDB959FB190F67DF0092AD8F /* Foundation.framework */; };
		BDB959FE190F67DF0092AD8F /* CoreGraphics.framework in Frameworks */ = {isa = PBXBuildFile; fileRef = BDB959FD190F67DF0092AD8F /* CoreGraphics.framework */; };
		BDB95A00190F67DF0092AD8F /* UIKit.framework in Frameworks */ = {isa = PBXBuildFile; fileRef = BDB959FF190F67DF0092AD8F /* UIKit.framework */; };
		BDB95A06190F67E00092AD8F /* InfoPlist.strings in Resources */ = {isa = PBXBuildFile; fileRef = BDB95A04190F67E00092AD8F /* InfoPlist.strings */; };
		BDB95A08190F67E00092AD8F /* main.m in Sources */ = {isa = PBXBuildFile; fileRef = BDB95A07190F67E00092AD8F /* main.m */; };
		BDB95A0C190F67E00092AD8F /* M3AppDelegate.m in Sources */ = {isa = PBXBuildFile; fileRef = BDB95A0B190F67E00092AD8F /* M3AppDelegate.m */; };
		BDB95A17190F67E00092AD8F /* Images.xcassets in Resources */ = {isa = PBXBuildFile; fileRef = BDB95A16190F67E00092AD8F /* Images.xcassets */; };
		BDB95A1E190F67E00092AD8F /* XCTest.framework in Frameworks */ = {isa = PBXBuildFile; fileRef = BDB95A1D190F67E00092AD8F /* XCTest.framework */; };
		BDB95A1F190F67E00092AD8F /* Foundation.framework in Frameworks */ = {isa = PBXBuildFile; fileRef = BDB959FB190F67DF0092AD8F /* Foundation.framework */; };
		BDB95A20190F67E00092AD8F /* UIKit.framework in Frameworks */ = {isa = PBXBuildFile; fileRef = BDB959FF190F67DF0092AD8F /* UIKit.framework */; };
		BDB95A28190F67E00092AD8F /* InfoPlist.strings in Resources */ = {isa = PBXBuildFile; fileRef = BDB95A26190F67E00092AD8F /* InfoPlist.strings */; };
		BDB95A2A190F67E00092AD8F /* Silent_FilmTests.m in Sources */ = {isa = PBXBuildFile; fileRef = BDB95A29190F67E00092AD8F /* Silent_FilmTests.m */; };
		BDB95A35190F68DA0092AD8F /* M3MainViewController.m in Sources */ = {isa = PBXBuildFile; fileRef = BDB95A34190F68DA0092AD8F /* M3MainViewController.m */; };
		BDB95A39190F69280092AD8F /* M3LoginViewController.m in Sources */ = {isa = PBXBuildFile; fileRef = BDB95A37190F69280092AD8F /* M3LoginViewController.m */; };
		BDB95A3A190F69280092AD8F /* M3LoginViewController.xib in Resources */ = {isa = PBXBuildFile; fileRef = BDB95A38190F69280092AD8F /* M3LoginViewController.xib */; };
		BDB95A3E190F6A7A0092AD8F /* AudioToolbox.framework in Frameworks */ = {isa = PBXBuildFile; fileRef = BDB95A3D190F6A7A0092AD8F /* AudioToolbox.framework */; };
		BDB95A47190F6AA00092AD8F /* CFNetwork.framework in Frameworks */ = {isa = PBXBuildFile; fileRef = BDB95A3F190F6AA00092AD8F /* CFNetwork.framework */; };
		BDB95A48190F6AA00092AD8F /* CoreLocation.framework in Frameworks */ = {isa = PBXBuildFile; fileRef = BDB95A40190F6AA00092AD8F /* CoreLocation.framework */; };
		BDB95A49190F6AA00092AD8F /* libz.dylib in Frameworks */ = {isa = PBXBuildFile; fileRef = BDB95A41190F6AA00092AD8F /* libz.dylib */; };
		BDB95A4A190F6AA00092AD8F /* MobileCoreServices.framework in Frameworks */ = {isa = PBXBuildFile; fileRef = BDB95A42190F6AA00092AD8F /* MobileCoreServices.framework */; };
		BDB95A4B190F6AA00092AD8F /* QuartzCore.framework in Frameworks */ = {isa = PBXBuildFile; fileRef = BDB95A43190F6AA00092AD8F /* QuartzCore.framework */; };
		BDB95A4C190F6AA00092AD8F /* Security.framework in Frameworks */ = {isa = PBXBuildFile; fileRef = BDB95A44190F6AA00092AD8F /* Security.framework */; };
		BDB95A4D190F6AA00092AD8F /* StoreKit.framework in Frameworks */ = {isa = PBXBuildFile; fileRef = BDB95A45190F6AA00092AD8F /* StoreKit.framework */; };
		BDB95A4E190F6AA00092AD8F /* SystemConfiguration.framework in Frameworks */ = {isa = PBXBuildFile; fileRef = BDB95A46190F6AA00092AD8F /* SystemConfiguration.framework */; };
		BDC9279019104901005F4450 /* M3LoginManager.m in Sources */ = {isa = PBXBuildFile; fileRef = BDC9278F19104901005F4450 /* M3LoginManager.m */; };
/* End PBXBuildFile section */

/* Begin PBXContainerItemProxy section */
		BDB95A21190F67E00092AD8F /* PBXContainerItemProxy */ = {
			isa = PBXContainerItemProxy;
			containerPortal = BDB959F0190F67DF0092AD8F /* Project object */;
			proxyType = 1;
			remoteGlobalIDString = BDB959F7190F67DF0092AD8F;
			remoteInfo = "Silent Film";
		};
/* End PBXContainerItemProxy section */

/* Begin PBXFileReference section */
		2D24900D56864186B9B7A609 /* libPods.a */ = {isa = PBXFileReference; explicitFileType = archive.ar; includeInIndex = 0; path = libPods.a; sourceTree = BUILT_PRODUCTS_DIR; };
		3257FD3F192C42E200F5B710 /* silentmovie_logo.jpg */ = {isa = PBXFileReference; lastKnownFileType = image.jpeg; path = silentmovie_logo.jpg; sourceTree = "<group>"; };
		3257FD41192C468800F5B710 /* login_strip.jpg */ = {isa = PBXFileReference; lastKnownFileType = image.jpeg; path = login_strip.jpg; sourceTree = "<group>"; };
		3257FD43192C4D5500F5B710 /* M3CompiledVideo.h */ = {isa = PBXFileReference; fileEncoding = 4; lastKnownFileType = sourcecode.c.h; path = M3CompiledVideo.h; sourceTree = "<group>"; };
		3257FD44192C4D5500F5B710 /* M3CompiledVideo.m */ = {isa = PBXFileReference; fileEncoding = 4; lastKnownFileType = sourcecode.c.objc; path = M3CompiledVideo.m; sourceTree = "<group>"; };
		34A56DF71916F5CA00F12D84 /* M3CreateCardViewController.h */ = {isa = PBXFileReference; fileEncoding = 4; lastKnownFileType = sourcecode.c.h; path = M3CreateCardViewController.h; sourceTree = "<group>"; };
		34A56DF81916F5CA00F12D84 /* M3CreateCardViewController.m */ = {isa = PBXFileReference; fileEncoding = 4; lastKnownFileType = sourcecode.c.objc; path = M3CreateCardViewController.m; sourceTree = "<group>"; };
		34A56DF91916F5CA00F12D84 /* M3CreateCardViewController.xib */ = {isa = PBXFileReference; fileEncoding = 4; lastKnownFileType = file.xib; path = M3CreateCardViewController.xib; sourceTree = "<group>"; };
		34A56E02191701F700F12D84 /* silent movie card portrait.jpg */ = {isa = PBXFileReference; lastKnownFileType = image.jpeg; path = "silent movie card portrait.jpg"; sourceTree = "<group>"; };
		BD2FEC3B19104C0700C44ACB /* M3NavigationController.h */ = {isa = PBXFileReference; fileEncoding = 4; lastKnownFileType = sourcecode.c.h; name = M3NavigationController.h; path = SilentFilm/M3NavigationController.h; sourceTree = "<group>"; };
		BD2FEC3C19104C0700C44ACB /* M3NavigationController.m */ = {isa = PBXFileReference; fileEncoding = 4; lastKnownFileType = sourcecode.c.objc; name = M3NavigationController.m; path = SilentFilm/M3NavigationController.m; sourceTree = "<group>"; };
		BD2FEC3E19104C5B00C44ACB /* M3ThreadListViewController.h */ = {isa = PBXFileReference; fileEncoding = 4; lastKnownFileType = sourcecode.c.h; name = M3ThreadListViewController.h; path = SilentFilm/M3ThreadListViewController.h; sourceTree = "<group>"; };
		BD2FEC3F19104C5B00C44ACB /* M3ThreadListViewController.m */ = {isa = PBXFileReference; fileEncoding = 4; lastKnownFileType = sourcecode.c.objc; name = M3ThreadListViewController.m; path = SilentFilm/M3ThreadListViewController.m; sourceTree = "<group>"; };
		BD2FEC4319104E4000C44ACB /* M3Thread.h */ = {isa = PBXFileReference; fileEncoding = 4; lastKnownFileType = sourcecode.c.h; name = M3Thread.h; path = SilentFilm/Model/M3Thread.h; sourceTree = "<group>"; };
		BD2FEC4419104E4000C44ACB /* M3Thread.m */ = {isa = PBXFileReference; fileEncoding = 4; lastKnownFileType = sourcecode.c.objc; name = M3Thread.m; path = SilentFilm/Model/M3Thread.m; sourceTree = "<group>"; };
		BD2FEC46191056B300C44ACB /* M3Post.h */ = {isa = PBXFileReference; fileEncoding = 4; lastKnownFileType = sourcecode.c.h; name = M3Post.h; path = SilentFilm/Model/M3Post.h; sourceTree = "<group>"; };
		BD2FEC47191056B300C44ACB /* M3Post.m */ = {isa = PBXFileReference; fileEncoding = 4; lastKnownFileType = sourcecode.c.objc; name = M3Post.m; path = SilentFilm/Model/M3Post.m; sourceTree = "<group>"; };
		BD2FEC491910572800C44ACB /* M3ThreadViewController.h */ = {isa = PBXFileReference; fileEncoding = 4; lastKnownFileType = sourcecode.c.h; name = M3ThreadViewController.h; path = SilentFilm/ViewControllers/M3ThreadViewController.h; sourceTree = "<group>"; };
		BD2FEC4A1910572800C44ACB /* M3ThreadViewController.m */ = {isa = PBXFileReference; fileEncoding = 4; lastKnownFileType = sourcecode.c.objc; name = M3ThreadViewController.m; path = SilentFilm/ViewControllers/M3ThreadViewController.m; sourceTree = "<group>"; };
		BD2FEC4C19105B0F00C44ACB /* test7.mp4 */ = {isa = PBXFileReference; lastKnownFileType = file; path = test7.mp4; sourceTree = "<group>"; };
		BD2FEC4E19106C2000C44ACB /* MediaPlayer.framework */ = {isa = PBXFileReference; lastKnownFileType = wrapper.framework; name = MediaPlayer.framework; path = System/Library/Frameworks/MediaPlayer.framework; sourceTree = SDKROOT; };
		BD2FEC501910846200C44ACB /* M3SignUpViewController.h */ = {isa = PBXFileReference; fileEncoding = 4; lastKnownFileType = sourcecode.c.h; name = M3SignUpViewController.h; path = SilentFilm/M3SignUpViewController.h; sourceTree = "<group>"; };
		BD2FEC511910846200C44ACB /* M3SignUpViewController.m */ = {isa = PBXFileReference; fileEncoding = 4; lastKnownFileType = sourcecode.c.objc; name = M3SignUpViewController.m; path = SilentFilm/M3SignUpViewController.m; sourceTree = "<group>"; };
		BD2FEC521910846200C44ACB /* M3SignUpViewController.xib */ = {isa = PBXFileReference; fileEncoding = 4; lastKnownFileType = file.xib; name = M3SignUpViewController.xib; path = SilentFilm/M3SignUpViewController.xib; sourceTree = "<group>"; };
		BD2FEC601910981C00C44ACB /* AVFoundation.framework */ = {isa = PBXFileReference; lastKnownFileType = wrapper.framework; name = AVFoundation.framework; path = System/Library/Frameworks/AVFoundation.framework; sourceTree = SDKROOT; };
		BD2FEC621910987400C44ACB /* AVCamViewController.xib */ = {isa = PBXFileReference; fileEncoding = 4; lastKnownFileType = file.xib; path = AVCamViewController.xib; sourceTree = "<group>"; };
		BD2FEC641910989400C44ACB /* AVCamPreviewView.h */ = {isa = PBXFileReference; fileEncoding = 4; lastKnownFileType = sourcecode.c.h; path = AVCamPreviewView.h; sourceTree = "<group>"; };
		BD2FEC651910989400C44ACB /* AVCamPreviewView.m */ = {isa = PBXFileReference; fileEncoding = 4; lastKnownFileType = sourcecode.c.objc; path = AVCamPreviewView.m; sourceTree = "<group>"; };
		BD2FEC661910989400C44ACB /* AVCamViewController.h */ = {isa = PBXFileReference; fileEncoding = 4; lastKnownFileType = sourcecode.c.h; path = AVCamViewController.h; sourceTree = "<group>"; };
		BD2FEC671910989400C44ACB /* AVCamViewController.m */ = {isa = PBXFileReference; fileEncoding = 4; lastKnownFileType = sourcecode.c.objc; path = AVCamViewController.m; sourceTree = "<group>"; };
		BD2FEC6A191098F100C44ACB /* AssetsLibrary.framework */ = {isa = PBXFileReference; lastKnownFileType = wrapper.framework; name = AssetsLibrary.framework; path = System/Library/Frameworks/AssetsLibrary.framework; sourceTree = SDKROOT; };
		BD2FEC6E19109B8800C44ACB /* libicucore.dylib */ = {isa = PBXFileReference; lastKnownFileType = "compiled.mach-o.dylib"; name = libicucore.dylib; path = usr/lib/libicucore.dylib; sourceTree = SDKROOT; };
		BD2FEC7019109B9500C44ACB /* CoreData.framework */ = {isa = PBXFileReference; lastKnownFileType = wrapper.framework; name = CoreData.framework; path = System/Library/Frameworks/CoreData.framework; sourceTree = SDKROOT; };
		BD2FEC781910B6B800C44ACB /* PFUser+SilentFilm.h */ = {isa = PBXFileReference; fileEncoding = 4; lastKnownFileType = sourcecode.c.h; name = "PFUser+SilentFilm.h"; path = "SilentFilm/Model/PFUser+SilentFilm.h"; sourceTree = "<group>"; };
		BD2FEC791910B6B800C44ACB /* PFUser+SilentFilm.m */ = {isa = PBXFileReference; fileEncoding = 4; lastKnownFileType = sourcecode.c.objc; name = "PFUser+SilentFilm.m"; path = "SilentFilm/Model/PFUser+SilentFilm.m"; sourceTree = "<group>"; };
		BD5477081916E95D00C64850 /* M3AssetRenderer.h */ = {isa = PBXFileReference; fileEncoding = 4; lastKnownFileType = sourcecode.c.h; path = M3AssetRenderer.h; sourceTree = "<group>"; };
		BD5477091916E95D00C64850 /* M3AssetRenderer.m */ = {isa = PBXFileReference; fileEncoding = 4; lastKnownFileType = sourcecode.c.objc; path = M3AssetRenderer.m; sourceTree = "<group>"; };
		BD54770D1916FFF700C64850 /* silent-film.jpg */ = {isa = PBXFileReference; lastKnownFileType = image.jpeg; path = "silent-film.jpg"; sourceTree = "<group>"; };
		BD54770F191716DB00C64850 /* M3Video.h */ = {isa = PBXFileReference; fileEncoding = 4; lastKnownFileType = sourcecode.c.h; name = M3Video.h; path = SilentFilm/Model/M3Video.h; sourceTree = "<group>"; };
		BD547710191716DB00C64850 /* M3Video.m */ = {isa = PBXFileReference; fileEncoding = 4; lastKnownFileType = sourcecode.c.objc; name = M3Video.m; path = SilentFilm/Model/M3Video.m; sourceTree = "<group>"; };
		BD7418E6192B30A40001C642 /* M3ThreadViewController.xib */ = {isa = PBXFileReference; fileEncoding = 4; lastKnownFileType = file.xib; path = M3ThreadViewController.xib; sourceTree = "<group>"; };
		BD7418E8192B31720001C642 /* M3CompiledVideo.h */ = {isa = PBXFileReference; fileEncoding = 4; lastKnownFileType = sourcecode.c.h; path = M3CompiledVideo.h; sourceTree = "<group>"; };
		BD7418E9192B31720001C642 /* M3CompiledVideo.m */ = {isa = PBXFileReference; fileEncoding = 4; lastKnownFileType = sourcecode.c.objc; path = M3CompiledVideo.m; sourceTree = "<group>"; };
		BDAEC1EE190F6F0C00B08C06 /* FacebookSDK.framework */ = {isa = PBXFileReference; lastKnownFileType = wrapper.framework; path = FacebookSDK.framework; sourceTree = "<group>"; };
		BDB959F8190F67DF0092AD8F /* Silent Film.app */ = {isa = PBXFileReference; explicitFileType = wrapper.application; includeInIndex = 0; path = "Silent Film.app"; sourceTree = BUILT_PRODUCTS_DIR; };
		BDB959FB190F67DF0092AD8F /* Foundation.framework */ = {isa = PBXFileReference; lastKnownFileType = wrapper.framework; name = Foundation.framework; path = System/Library/Frameworks/Foundation.framework; sourceTree = SDKROOT; };
		BDB959FD190F67DF0092AD8F /* CoreGraphics.framework */ = {isa = PBXFileReference; lastKnownFileType = wrapper.framework; name = CoreGraphics.framework; path = System/Library/Frameworks/CoreGraphics.framework; sourceTree = SDKROOT; };
		BDB959FF190F67DF0092AD8F /* UIKit.framework */ = {isa = PBXFileReference; lastKnownFileType = wrapper.framework; name = UIKit.framework; path = System/Library/Frameworks/UIKit.framework; sourceTree = SDKROOT; };
		BDB95A03190F67E00092AD8F /* Silent Film-Info.plist */ = {isa = PBXFileReference; lastKnownFileType = text.plist.xml; path = "Silent Film-Info.plist"; sourceTree = "<group>"; };
		BDB95A05190F67E00092AD8F /* en */ = {isa = PBXFileReference; lastKnownFileType = text.plist.strings; name = en; path = en.lproj/InfoPlist.strings; sourceTree = "<group>"; };
		BDB95A07190F67E00092AD8F /* main.m */ = {isa = PBXFileReference; lastKnownFileType = sourcecode.c.objc; path = main.m; sourceTree = "<group>"; };
		BDB95A09190F67E00092AD8F /* Silent Film-Prefix.pch */ = {isa = PBXFileReference; lastKnownFileType = sourcecode.c.h; path = "Silent Film-Prefix.pch"; sourceTree = "<group>"; };
		BDB95A0A190F67E00092AD8F /* M3AppDelegate.h */ = {isa = PBXFileReference; lastKnownFileType = sourcecode.c.h; path = M3AppDelegate.h; sourceTree = "<group>"; };
		BDB95A0B190F67E00092AD8F /* M3AppDelegate.m */ = {isa = PBXFileReference; lastKnownFileType = sourcecode.c.objc; path = M3AppDelegate.m; sourceTree = "<group>"; };
		BDB95A16190F67E00092AD8F /* Images.xcassets */ = {isa = PBXFileReference; lastKnownFileType = folder.assetcatalog; path = Images.xcassets; sourceTree = "<group>"; };
		BDB95A1C190F67E00092AD8F /* Silent FilmTests.xctest */ = {isa = PBXFileReference; explicitFileType = wrapper.cfbundle; includeInIndex = 0; path = "Silent FilmTests.xctest"; sourceTree = BUILT_PRODUCTS_DIR; };
		BDB95A1D190F67E00092AD8F /* XCTest.framework */ = {isa = PBXFileReference; lastKnownFileType = wrapper.framework; name = XCTest.framework; path = Library/Frameworks/XCTest.framework; sourceTree = DEVELOPER_DIR; };
		BDB95A25190F67E00092AD8F /* Silent FilmTests-Info.plist */ = {isa = PBXFileReference; lastKnownFileType = text.plist.xml; path = "Silent FilmTests-Info.plist"; sourceTree = "<group>"; };
		BDB95A27190F67E00092AD8F /* en */ = {isa = PBXFileReference; lastKnownFileType = text.plist.strings; name = en; path = en.lproj/InfoPlist.strings; sourceTree = "<group>"; };
		BDB95A29190F67E00092AD8F /* Silent_FilmTests.m */ = {isa = PBXFileReference; lastKnownFileType = sourcecode.c.objc; path = Silent_FilmTests.m; sourceTree = "<group>"; };
		BDB95A33190F68DA0092AD8F /* M3MainViewController.h */ = {isa = PBXFileReference; fileEncoding = 4; lastKnownFileType = sourcecode.c.h; name = M3MainViewController.h; path = SilentFilm/M3MainViewController.h; sourceTree = "<group>"; };
		BDB95A34190F68DA0092AD8F /* M3MainViewController.m */ = {isa = PBXFileReference; fileEncoding = 4; lastKnownFileType = sourcecode.c.objc; name = M3MainViewController.m; path = SilentFilm/M3MainViewController.m; sourceTree = "<group>"; };
		BDB95A36190F69280092AD8F /* M3LoginViewController.h */ = {isa = PBXFileReference; fileEncoding = 4; lastKnownFileType = sourcecode.c.h; name = M3LoginViewController.h; path = SilentFilm/M3LoginViewController.h; sourceTree = "<group>"; };
		BDB95A37190F69280092AD8F /* M3LoginViewController.m */ = {isa = PBXFileReference; fileEncoding = 4; lastKnownFileType = sourcecode.c.objc; name = M3LoginViewController.m; path = SilentFilm/M3LoginViewController.m; sourceTree = "<group>"; };
		BDB95A38190F69280092AD8F /* M3LoginViewController.xib */ = {isa = PBXFileReference; fileEncoding = 4; lastKnownFileType = file.xib; name = M3LoginViewController.xib; path = SilentFilm/M3LoginViewController.xib; sourceTree = "<group>"; };
		BDB95A3B190F6A2C0092AD8F /* Parse.framework */ = {isa = PBXFileReference; lastKnownFileType = wrapper.framework; path = Parse.framework; sourceTree = "<group>"; };
		BDB95A3D190F6A7A0092AD8F /* AudioToolbox.framework */ = {isa = PBXFileReference; lastKnownFileType = wrapper.framework; name = AudioToolbox.framework; path = System/Library/Frameworks/AudioToolbox.framework; sourceTree = SDKROOT; };
		BDB95A3F190F6AA00092AD8F /* CFNetwork.framework */ = {isa = PBXFileReference; lastKnownFileType = wrapper.framework; name = CFNetwork.framework; path = System/Library/Frameworks/CFNetwork.framework; sourceTree = SDKROOT; };
		BDB95A40190F6AA00092AD8F /* CoreLocation.framework */ = {isa = PBXFileReference; lastKnownFileType = wrapper.framework; name = CoreLocation.framework; path = System/Library/Frameworks/CoreLocation.framework; sourceTree = SDKROOT; };
		BDB95A41190F6AA00092AD8F /* libz.dylib */ = {isa = PBXFileReference; lastKnownFileType = "compiled.mach-o.dylib"; name = libz.dylib; path = usr/lib/libz.dylib; sourceTree = SDKROOT; };
		BDB95A42190F6AA00092AD8F /* MobileCoreServices.framework */ = {isa = PBXFileReference; lastKnownFileType = wrapper.framework; name = MobileCoreServices.framework; path = System/Library/Frameworks/MobileCoreServices.framework; sourceTree = SDKROOT; };
		BDB95A43190F6AA00092AD8F /* QuartzCore.framework */ = {isa = PBXFileReference; lastKnownFileType = wrapper.framework; name = QuartzCore.framework; path = System/Library/Frameworks/QuartzCore.framework; sourceTree = SDKROOT; };
		BDB95A44190F6AA00092AD8F /* Security.framework */ = {isa = PBXFileReference; lastKnownFileType = wrapper.framework; name = Security.framework; path = System/Library/Frameworks/Security.framework; sourceTree = SDKROOT; };
		BDB95A45190F6AA00092AD8F /* StoreKit.framework */ = {isa = PBXFileReference; lastKnownFileType = wrapper.framework; name = StoreKit.framework; path = System/Library/Frameworks/StoreKit.framework; sourceTree = SDKROOT; };
		BDB95A46190F6AA00092AD8F /* SystemConfiguration.framework */ = {isa = PBXFileReference; lastKnownFileType = wrapper.framework; name = SystemConfiguration.framework; path = System/Library/Frameworks/SystemConfiguration.framework; sourceTree = SDKROOT; };
		BDC9278E19104901005F4450 /* M3LoginManager.h */ = {isa = PBXFileReference; fileEncoding = 4; lastKnownFileType = sourcecode.c.h; path = M3LoginManager.h; sourceTree = "<group>"; };
		BDC9278F19104901005F4450 /* M3LoginManager.m */ = {isa = PBXFileReference; fileEncoding = 4; lastKnownFileType = sourcecode.c.objc; path = M3LoginManager.m; sourceTree = "<group>"; };
		FF8C06E9A916444F8FB7B77E /* Pods.xcconfig */ = {isa = PBXFileReference; includeInIndex = 1; lastKnownFileType = text.xcconfig; name = Pods.xcconfig; path = Pods/Pods.xcconfig; sourceTree = "<group>"; };
/* End PBXFileReference section */

/* Begin PBXFrameworksBuildPhase section */
		BDB959F5190F67DF0092AD8F /* Frameworks */ = {
			isa = PBXFrameworksBuildPhase;
			buildActionMask = 2147483647;
			files = (
				BD2FEC7119109B9500C44ACB /* CoreData.framework in Frameworks */,
				BDB95A47190F6AA00092AD8F /* CFNetwork.framework in Frameworks */,
				BDB95A4C190F6AA00092AD8F /* Security.framework in Frameworks */,
				BD2FEC6F19109B8800C44ACB /* libicucore.dylib in Frameworks */,
				BD2FEC6B191098F100C44ACB /* AssetsLibrary.framework in Frameworks */,
				BD2FEC611910981C00C44ACB /* AVFoundation.framework in Frameworks */,
				BD2FEC4F19106C2000C44ACB /* MediaPlayer.framework in Frameworks */,
				BDB95A48190F6AA00092AD8F /* CoreLocation.framework in Frameworks */,
				BDB95A49190F6AA00092AD8F /* libz.dylib in Frameworks */,
				BDB95A4A190F6AA00092AD8F /* MobileCoreServices.framework in Frameworks */,
				BDB95A4B190F6AA00092AD8F /* QuartzCore.framework in Frameworks */,
				BDB95A4D190F6AA00092AD8F /* StoreKit.framework in Frameworks */,
				BDB95A4E190F6AA00092AD8F /* SystemConfiguration.framework in Frameworks */,
				BDB959FE190F67DF0092AD8F /* CoreGraphics.framework in Frameworks */,
				BDB95A3E190F6A7A0092AD8F /* AudioToolbox.framework in Frameworks */,
				BDB95A00190F67DF0092AD8F /* UIKit.framework in Frameworks */,
				BDB959FC190F67DF0092AD8F /* Foundation.framework in Frameworks */,
				58B626A58122456CA9345775 /* libPods.a in Frameworks */,
			);
			runOnlyForDeploymentPostprocessing = 0;
		};
		BDB95A19190F67E00092AD8F /* Frameworks */ = {
			isa = PBXFrameworksBuildPhase;
			buildActionMask = 2147483647;
			files = (
				BDB95A1E190F67E00092AD8F /* XCTest.framework in Frameworks */,
				BDB95A20190F67E00092AD8F /* UIKit.framework in Frameworks */,
				BDB95A1F190F67E00092AD8F /* Foundation.framework in Frameworks */,
			);
			runOnlyForDeploymentPostprocessing = 0;
		};
/* End PBXFrameworksBuildPhase section */

/* Begin PBXGroup section */
		BD2FEC4119104E1D00C44ACB /* View Controllers */ = {
			isa = PBXGroup;
			children = (
				BD2FEC581910853D00C44ACB /* Login */,
				BDB95A33190F68DA0092AD8F /* M3MainViewController.h */,
				BDB95A34190F68DA0092AD8F /* M3MainViewController.m */,
				BD2FEC3B19104C0700C44ACB /* M3NavigationController.h */,
				BD2FEC3C19104C0700C44ACB /* M3NavigationController.m */,
				BD2FEC3E19104C5B00C44ACB /* M3ThreadListViewController.h */,
				BD2FEC3F19104C5B00C44ACB /* M3ThreadListViewController.m */,
				BD2FEC491910572800C44ACB /* M3ThreadViewController.h */,
				BD2FEC4A1910572800C44ACB /* M3ThreadViewController.m */,
				BD7418E6192B30A40001C642 /* M3ThreadViewController.xib */,
				34A56DF71916F5CA00F12D84 /* M3CreateCardViewController.h */,
				34A56DF81916F5CA00F12D84 /* M3CreateCardViewController.m */,
				34A56DF91916F5CA00F12D84 /* M3CreateCardViewController.xib */,
			);
			name = "View Controllers";
			sourceTree = "<group>";
		};
		BD2FEC4219104E2700C44ACB /* Model */ = {
			isa = PBXGroup;
			children = (
				BD547712191717A700C64850 /* Synced Objects */,
				BDC9278E19104901005F4450 /* M3LoginManager.h */,
				BDC9278F19104901005F4450 /* M3LoginManager.m */,
				BD54770F191716DB00C64850 /* M3Video.h */,
				BD547710191716DB00C64850 /* M3Video.m */,
				3257FD43192C4D5500F5B710 /* M3CompiledVideo.h */,
				3257FD44192C4D5500F5B710 /* M3CompiledVideo.m */,
			);
			name = Model;
			sourceTree = "<group>";
		};
		BD2FEC581910853D00C44ACB /* Login */ = {
			isa = PBXGroup;
			children = (
				BDB95A36190F69280092AD8F /* M3LoginViewController.h */,
				BDB95A37190F69280092AD8F /* M3LoginViewController.m */,
				BDB95A38190F69280092AD8F /* M3LoginViewController.xib */,
				BD2FEC501910846200C44ACB /* M3SignUpViewController.h */,
				BD2FEC511910846200C44ACB /* M3SignUpViewController.m */,
				BD2FEC521910846200C44ACB /* M3SignUpViewController.xib */,
			);
			name = Login;
			sourceTree = "<group>";
		};
		BD2FEC591910980E00C44ACB /* AV */ = {
			isa = PBXGroup;
			children = (
				BD2FEC621910987400C44ACB /* AVCamViewController.xib */,
				BD2FEC641910989400C44ACB /* AVCamPreviewView.h */,
				BD2FEC651910989400C44ACB /* AVCamPreviewView.m */,
				BD2FEC661910989400C44ACB /* AVCamViewController.h */,
				BD2FEC671910989400C44ACB /* AVCamViewController.m */,
				BD5477081916E95D00C64850 /* M3AssetRenderer.h */,
				BD5477091916E95D00C64850 /* M3AssetRenderer.m */,
				BD54770D1916FFF700C64850 /* silent-film.jpg */,
			);
			name = AV;
			sourceTree = "<group>";
		};
		BD547712191717A700C64850 /* Synced Objects */ = {
			isa = PBXGroup;
			children = (
				BD2FEC46191056B300C44ACB /* M3Post.h */,
				BD2FEC47191056B300C44ACB /* M3Post.m */,
				BD2FEC4319104E4000C44ACB /* M3Thread.h */,
				BD2FEC4419104E4000C44ACB /* M3Thread.m */,
				BD2FEC781910B6B800C44ACB /* PFUser+SilentFilm.h */,
				BD2FEC791910B6B800C44ACB /* PFUser+SilentFilm.m */,
			);
			name = "Synced Objects";
			sourceTree = "<group>";
		};
		BDB959EF190F67DF0092AD8F = {
			isa = PBXGroup;
			children = (
				BDB95A01190F67DF0092AD8F /* Silent Film */,
				BDB95A23190F67E00092AD8F /* Silent FilmTests */,
				BDB959FA190F67DF0092AD8F /* Frameworks */,
				BDB959F9190F67DF0092AD8F /* Products */,
				FF8C06E9A916444F8FB7B77E /* Pods.xcconfig */,
			);
			sourceTree = "<group>";
		};
		BDB959F9190F67DF0092AD8F /* Products */ = {
			isa = PBXGroup;
			children = (
				BDB959F8190F67DF0092AD8F /* Silent Film.app */,
				BDB95A1C190F67E00092AD8F /* Silent FilmTests.xctest */,
			);
			name = Products;
			sourceTree = "<group>";
		};
		BDB959FA190F67DF0092AD8F /* Frameworks */ = {
			isa = PBXGroup;
			children = (
				BD2FEC7019109B9500C44ACB /* CoreData.framework */,
				BD2FEC6E19109B8800C44ACB /* libicucore.dylib */,
				BD2FEC6A191098F100C44ACB /* AssetsLibrary.framework */,
				BD2FEC601910981C00C44ACB /* AVFoundation.framework */,
				BD2FEC4E19106C2000C44ACB /* MediaPlayer.framework */,
				BDAEC1EE190F6F0C00B08C06 /* FacebookSDK.framework */,
				BDB95A3F190F6AA00092AD8F /* CFNetwork.framework */,
				BDB95A40190F6AA00092AD8F /* CoreLocation.framework */,
				BDB95A41190F6AA00092AD8F /* libz.dylib */,
				BDB95A42190F6AA00092AD8F /* MobileCoreServices.framework */,
				BDB95A43190F6AA00092AD8F /* QuartzCore.framework */,
				BDB95A44190F6AA00092AD8F /* Security.framework */,
				BDB95A45190F6AA00092AD8F /* StoreKit.framework */,
				BDB95A46190F6AA00092AD8F /* SystemConfiguration.framework */,
				BDB95A3D190F6A7A0092AD8F /* AudioToolbox.framework */,
				BDB95A3B190F6A2C0092AD8F /* Parse.framework */,
				BDB959FB190F67DF0092AD8F /* Foundation.framework */,
				BDB959FD190F67DF0092AD8F /* CoreGraphics.framework */,
				BDB959FF190F67DF0092AD8F /* UIKit.framework */,
				BDB95A1D190F67E00092AD8F /* XCTest.framework */,
				2D24900D56864186B9B7A609 /* libPods.a */,
			);
			name = Frameworks;
			sourceTree = "<group>";
		};
		BDB95A01190F67DF0092AD8F /* Silent Film */ = {
			isa = PBXGroup;
			children = (
				BD2FEC591910980E00C44ACB /* AV */,
				BD2FEC4219104E2700C44ACB /* Model */,
				BD2FEC4119104E1D00C44ACB /* View Controllers */,
				BDB95A0A190F67E00092AD8F /* M3AppDelegate.h */,
				BDB95A0B190F67E00092AD8F /* M3AppDelegate.m */,
				BDB95A16190F67E00092AD8F /* Images.xcassets */,
				BDB95A02190F67E00092AD8F /* Supporting Files */,
			);
			path = "Silent Film";
			sourceTree = "<group>";
		};
		BDB95A02190F67E00092AD8F /* Supporting Files */ = {
			isa = PBXGroup;
			children = (
				3257FD41192C468800F5B710 /* login_strip.jpg */,
				3257FD3F192C42E200F5B710 /* silentmovie_logo.jpg */,
				34A56E02191701F700F12D84 /* silent movie card portrait.jpg */,
				BD2FEC4C19105B0F00C44ACB /* test7.mp4 */,
				BDB95A03190F67E00092AD8F /* Silent Film-Info.plist */,
				BDB95A04190F67E00092AD8F /* InfoPlist.strings */,
				BDB95A07190F67E00092AD8F /* main.m */,
				BDB95A09190F67E00092AD8F /* Silent Film-Prefix.pch */,
			);
			name = "Supporting Files";
			sourceTree = "<group>";
		};
		BDB95A23190F67E00092AD8F /* Silent FilmTests */ = {
			isa = PBXGroup;
			children = (
				BDB95A29190F67E00092AD8F /* Silent_FilmTests.m */,
				BDB95A24190F67E00092AD8F /* Supporting Files */,
			);
			path = "Silent FilmTests";
			sourceTree = "<group>";
		};
		BDB95A24190F67E00092AD8F /* Supporting Files */ = {
			isa = PBXGroup;
			children = (
				BDB95A25190F67E00092AD8F /* Silent FilmTests-Info.plist */,
				BDB95A26190F67E00092AD8F /* InfoPlist.strings */,
			);
			name = "Supporting Files";
			sourceTree = "<group>";
		};
/* End PBXGroup section */

/* Begin PBXNativeTarget section */
		BDB959F7190F67DF0092AD8F /* Silent Film */ = {
			isa = PBXNativeTarget;
			buildConfigurationList = BDB95A2D190F67E00092AD8F /* Build configuration list for PBXNativeTarget "Silent Film" */;
			buildPhases = (
				C060B44DF1FC450192CB1775 /* Check Pods Manifest.lock */,
				BDB959F4190F67DF0092AD8F /* Sources */,
				BDB959F5190F67DF0092AD8F /* Frameworks */,
				BDB959F6190F67DF0092AD8F /* Resources */,
				9373957D97304F5FA9E15D28 /* Copy Pods Resources */,
			);
			buildRules = (
			);
			dependencies = (
			);
			name = "Silent Film";
			productName = "Silent Film";
			productReference = BDB959F8190F67DF0092AD8F /* Silent Film.app */;
			productType = "com.apple.product-type.application";
		};
		BDB95A1B190F67E00092AD8F /* Silent FilmTests */ = {
			isa = PBXNativeTarget;
			buildConfigurationList = BDB95A30190F67E00092AD8F /* Build configuration list for PBXNativeTarget "Silent FilmTests" */;
			buildPhases = (
				BDB95A18190F67E00092AD8F /* Sources */,
				BDB95A19190F67E00092AD8F /* Frameworks */,
				BDB95A1A190F67E00092AD8F /* Resources */,
			);
			buildRules = (
			);
			dependencies = (
				BDB95A22190F67E00092AD8F /* PBXTargetDependency */,
			);
			name = "Silent FilmTests";
			productName = "Silent FilmTests";
			productReference = BDB95A1C190F67E00092AD8F /* Silent FilmTests.xctest */;
			productType = "com.apple.product-type.bundle.unit-test";
		};
/* End PBXNativeTarget section */

/* Begin PBXProject section */
		BDB959F0190F67DF0092AD8F /* Project object */ = {
			isa = PBXProject;
			attributes = {
				CLASSPREFIX = M3;
				LastUpgradeCheck = 0510;
				ORGANIZATIONNAME = M3;
				TargetAttributes = {
					BDB959F7190F67DF0092AD8F = {
						DevelopmentTeam = 2HTWUXPHDR;
					};
					BDB95A1B190F67E00092AD8F = {
						TestTargetID = BDB959F7190F67DF0092AD8F;
					};
				};
			};
			buildConfigurationList = BDB959F3190F67DF0092AD8F /* Build configuration list for PBXProject "Silent Film" */;
			compatibilityVersion = "Xcode 3.2";
			developmentRegion = English;
			hasScannedForEncodings = 0;
			knownRegions = (
				en,
				Base,
			);
			mainGroup = BDB959EF190F67DF0092AD8F;
			productRefGroup = BDB959F9190F67DF0092AD8F /* Products */;
			projectDirPath = "";
			projectRoot = "";
			targets = (
				BDB959F7190F67DF0092AD8F /* Silent Film */,
				BDB95A1B190F67E00092AD8F /* Silent FilmTests */,
			);
		};
/* End PBXProject section */

/* Begin PBXResourcesBuildPhase section */
		BDB959F6190F67DF0092AD8F /* Resources */ = {
			isa = PBXResourcesBuildPhase;
			buildActionMask = 2147483647;
			files = (
				BDB95A17190F67E00092AD8F /* Images.xcassets in Resources */,
				BDB95A3A190F69280092AD8F /* M3LoginViewController.xib in Resources */,
				3257FD40192C42E200F5B710 /* silentmovie_logo.jpg in Resources */,
				3257FD42192C468800F5B710 /* login_strip.jpg in Resources */,
				BD7418E7192B30A40001C642 /* M3ThreadViewController.xib in Resources */,
				BD54770E1916FFF700C64850 /* silent-film.jpg in Resources */,
				BDB95A06190F67E00092AD8F /* InfoPlist.strings in Resources */,
				34A56E03191701F700F12D84 /* silent movie card portrait.jpg in Resources */,
				BD2FEC631910987400C44ACB /* AVCamViewController.xib in Resources */,
				BD2FEC541910846200C44ACB /* M3SignUpViewController.xib in Resources */,
				34A56DFB1916F5CA00F12D84 /* M3CreateCardViewController.xib in Resources */,
				BD2FEC4D19105C4E00C44ACB /* test7.mp4 in Resources */,
			);
			runOnlyForDeploymentPostprocessing = 0;
		};
		BDB95A1A190F67E00092AD8F /* Resources */ = {
			isa = PBXResourcesBuildPhase;
			buildActionMask = 2147483647;
			files = (
				BDB95A28190F67E00092AD8F /* InfoPlist.strings in Resources */,
			);
			runOnlyForDeploymentPostprocessing = 0;
		};
/* End PBXResourcesBuildPhase section */

/* Begin PBXShellScriptBuildPhase section */
		9373957D97304F5FA9E15D28 /* Copy Pods Resources */ = {
			isa = PBXShellScriptBuildPhase;
			buildActionMask = 2147483647;
			files = (
			);
			inputPaths = (
			);
			name = "Copy Pods Resources";
			outputPaths = (
			);
			runOnlyForDeploymentPostprocessing = 0;
			shellPath = /bin/sh;
			shellScript = "\"${SRCROOT}/Pods/Pods-resources.sh\"\n";
			showEnvVarsInLog = 0;
		};
		C060B44DF1FC450192CB1775 /* Check Pods Manifest.lock */ = {
			isa = PBXShellScriptBuildPhase;
			buildActionMask = 2147483647;
			files = (
			);
			inputPaths = (
			);
			name = "Check Pods Manifest.lock";
			outputPaths = (
			);
			runOnlyForDeploymentPostprocessing = 0;
			shellPath = /bin/sh;
			shellScript = "diff \"${PODS_ROOT}/../Podfile.lock\" \"${PODS_ROOT}/Manifest.lock\" > /dev/null\nif [[ $? != 0 ]] ; then\n    cat << EOM\nerror: The sandbox is not in sync with the Podfile.lock. Run 'pod install' or update your CocoaPods installation.\nEOM\n    exit 1\nfi\n";
			showEnvVarsInLog = 0;
		};
/* End PBXShellScriptBuildPhase section */

/* Begin PBXSourcesBuildPhase section */
		BDB959F4190F67DF0092AD8F /* Sources */ = {
			isa = PBXSourcesBuildPhase;
			buildActionMask = 2147483647;
			files = (
				3257FD45192C4D5500F5B710 /* M3CompiledVideo.m in Sources */,
				BD2FEC4B1910572800C44ACB /* M3ThreadViewController.m in Sources */,
				BD2FEC3D19104C0700C44ACB /* M3NavigationController.m in Sources */,
				34A56DFA1916F5CA00F12D84 /* M3CreateCardViewController.m in Sources */,
				BD2FEC681910989400C44ACB /* AVCamPreviewView.m in Sources */,
				BDB95A0C190F67E00092AD8F /* M3AppDelegate.m in Sources */,
				BD54770A1916E95D00C64850 /* M3AssetRenderer.m in Sources */,
				BD2FEC531910846200C44ACB /* M3SignUpViewController.m in Sources */,
				BD2FEC691910989400C44ACB /* AVCamViewController.m in Sources */,
				BDB95A08190F67E00092AD8F /* main.m in Sources */,
				BDC9279019104901005F4450 /* M3LoginManager.m in Sources */,
				BD2FEC4019104C5B00C44ACB /* M3ThreadListViewController.m in Sources */,
				BD2FEC4519104E4000C44ACB /* M3Thread.m in Sources */,
				BD547711191716DB00C64850 /* M3Video.m in Sources */,
				BDB95A39190F69280092AD8F /* M3LoginViewController.m in Sources */,
				BD2FEC7A1910B6B800C44ACB /* PFUser+SilentFilm.m in Sources */,
				BD2FEC48191056B300C44ACB /* M3Post.m in Sources */,
				BDB95A35190F68DA0092AD8F /* M3MainViewController.m in Sources */,
			);
			runOnlyForDeploymentPostprocessing = 0;
		};
		BDB95A18190F67E00092AD8F /* Sources */ = {
			isa = PBXSourcesBuildPhase;
			buildActionMask = 2147483647;
			files = (
				BDB95A2A190F67E00092AD8F /* Silent_FilmTests.m in Sources */,
			);
			runOnlyForDeploymentPostprocessing = 0;
		};
/* End PBXSourcesBuildPhase section */

/* Begin PBXTargetDependency section */
		BDB95A22190F67E00092AD8F /* PBXTargetDependency */ = {
			isa = PBXTargetDependency;
			target = BDB959F7190F67DF0092AD8F /* Silent Film */;
			targetProxy = BDB95A21190F67E00092AD8F /* PBXContainerItemProxy */;
		};
/* End PBXTargetDependency section */

/* Begin PBXVariantGroup section */
		BDB95A04190F67E00092AD8F /* InfoPlist.strings */ = {
			isa = PBXVariantGroup;
			children = (
				BDB95A05190F67E00092AD8F /* en */,
			);
			name = InfoPlist.strings;
			sourceTree = "<group>";
		};
		BDB95A26190F67E00092AD8F /* InfoPlist.strings */ = {
			isa = PBXVariantGroup;
			children = (
				BDB95A27190F67E00092AD8F /* en */,
			);
			name = InfoPlist.strings;
			sourceTree = "<group>";
		};
/* End PBXVariantGroup section */

/* Begin XCBuildConfiguration section */
		BDB95A2B190F67E00092AD8F /* Debug */ = {
			isa = XCBuildConfiguration;
			buildSettings = {
				ALWAYS_SEARCH_USER_PATHS = NO;
				CLANG_CXX_LANGUAGE_STANDARD = "gnu++0x";
				CLANG_CXX_LIBRARY = "libc++";
				CLANG_ENABLE_MODULES = YES;
				CLANG_ENABLE_OBJC_ARC = YES;
				CLANG_WARN_BOOL_CONVERSION = YES;
				CLANG_WARN_CONSTANT_CONVERSION = YES;
				CLANG_WARN_DIRECT_OBJC_ISA_USAGE = YES_ERROR;
				CLANG_WARN_EMPTY_BODY = YES;
				CLANG_WARN_ENUM_CONVERSION = YES;
				CLANG_WARN_INT_CONVERSION = YES;
				CLANG_WARN_OBJC_ROOT_CLASS = YES_ERROR;
				CLANG_WARN__DUPLICATE_METHOD_MATCH = YES;
				CODE_SIGN_IDENTITY = "iPhone Developer: Max Meyers (S2KPV2AB36)";
				"CODE_SIGN_IDENTITY[sdk=iphoneos*]" = "iPhone Developer";
				COPY_PHASE_STRIP = NO;
				GCC_C_LANGUAGE_STANDARD = gnu99;
				GCC_DYNAMIC_NO_PIC = NO;
				GCC_OPTIMIZATION_LEVEL = 0;
				GCC_PREPROCESSOR_DEFINITIONS = (
					"DEBUG=1",
					"$(inherited)",
				);
				GCC_SYMBOLS_PRIVATE_EXTERN = NO;
				GCC_WARN_64_TO_32_BIT_CONVERSION = YES;
				GCC_WARN_ABOUT_RETURN_TYPE = YES_ERROR;
				GCC_WARN_UNDECLARED_SELECTOR = YES;
				GCC_WARN_UNINITIALIZED_AUTOS = YES_AGGRESSIVE;
				GCC_WARN_UNUSED_FUNCTION = YES;
				GCC_WARN_UNUSED_VARIABLE = YES;
				IPHONEOS_DEPLOYMENT_TARGET = 7.1;
				ONLY_ACTIVE_ARCH = YES;
				PROVISIONING_PROFILE = "96AEF1B9-CDAD-4F18-9186-2EF5DAC39E0A";
				SDKROOT = iphoneos;
				VALID_ARCHS = "arm64 armv7 armv7s";
			};
			name = Debug;
		};
		BDB95A2C190F67E00092AD8F /* Release */ = {
			isa = XCBuildConfiguration;
			buildSettings = {
				ALWAYS_SEARCH_USER_PATHS = NO;
				CLANG_CXX_LANGUAGE_STANDARD = "gnu++0x";
				CLANG_CXX_LIBRARY = "libc++";
				CLANG_ENABLE_MODULES = YES;
				CLANG_ENABLE_OBJC_ARC = YES;
				CLANG_WARN_BOOL_CONVERSION = YES;
				CLANG_WARN_CONSTANT_CONVERSION = YES;
				CLANG_WARN_DIRECT_OBJC_ISA_USAGE = YES_ERROR;
				CLANG_WARN_EMPTY_BODY = YES;
				CLANG_WARN_ENUM_CONVERSION = YES;
				CLANG_WARN_INT_CONVERSION = YES;
				CLANG_WARN_OBJC_ROOT_CLASS = YES_ERROR;
				CLANG_WARN__DUPLICATE_METHOD_MATCH = YES;
				CODE_SIGN_IDENTITY = "iPhone Developer: Max Meyers (S2KPV2AB36)";
				"CODE_SIGN_IDENTITY[sdk=iphoneos*]" = "iPhone Developer";
				COPY_PHASE_STRIP = YES;
				ENABLE_NS_ASSERTIONS = NO;
				GCC_C_LANGUAGE_STANDARD = gnu99;
				GCC_WARN_64_TO_32_BIT_CONVERSION = YES;
				GCC_WARN_ABOUT_RETURN_TYPE = YES_ERROR;
				GCC_WARN_UNDECLARED_SELECTOR = YES;
				GCC_WARN_UNINITIALIZED_AUTOS = YES_AGGRESSIVE;
				GCC_WARN_UNUSED_FUNCTION = YES;
				GCC_WARN_UNUSED_VARIABLE = YES;
				IPHONEOS_DEPLOYMENT_TARGET = 7.1;
				ONLY_ACTIVE_ARCH = NO;
				PROVISIONING_PROFILE = "96AEF1B9-CDAD-4F18-9186-2EF5DAC39E0A";
				SDKROOT = iphoneos;
				VALIDATE_PRODUCT = YES;
				VALID_ARCHS = "arm64 armv7 armv7s";
			};
			name = Release;
		};
		BDB95A2E190F67E00092AD8F /* Debug */ = {
			isa = XCBuildConfiguration;
			baseConfigurationReference = FF8C06E9A916444F8FB7B77E /* Pods.xcconfig */;
			buildSettings = {
				ARCHS = "$(ARCHS_STANDARD)";
				ASSETCATALOG_COMPILER_APPICON_NAME = AppIcon;
				ASSETCATALOG_COMPILER_LAUNCHIMAGE_NAME = LaunchImage;
				CODE_SIGN_IDENTITY = "iPhone Developer";
				FRAMEWORK_SEARCH_PATHS = (
					"$(inherited)",
					"$(PROJECT_DIR)",
				);
				GCC_PRECOMPILE_PREFIX_HEADER = YES;
				GCC_PREFIX_HEADER = "Silent Film/Silent Film-Prefix.pch";
				INFOPLIST_FILE = "Silent Film/Silent Film-Info.plist";
				IPHONEOS_DEPLOYMENT_TARGET = 7.0;
				PRODUCT_NAME = "$(TARGET_NAME)";
				PROVISIONING_PROFILE = "";
				VALID_ARCHS = "armv7 armv7s arm64";
				WRAPPER_EXTENSION = app;
			};
			name = Debug;
		};
		BDB95A2F190F67E00092AD8F /* Release */ = {
			isa = XCBuildConfiguration;
			baseConfigurationReference = FF8C06E9A916444F8FB7B77E /* Pods.xcconfig */;
			buildSettings = {
				ARCHS = "$(ARCHS_STANDARD)";
				ASSETCATALOG_COMPILER_APPICON_NAME = AppIcon;
				ASSETCATALOG_COMPILER_LAUNCHIMAGE_NAME = LaunchImage;
				CODE_SIGN_IDENTITY = "iPhone Developer";
				FRAMEWORK_SEARCH_PATHS = (
					"$(inherited)",
					"$(PROJECT_DIR)",
				);
				GCC_PRECOMPILE_PREFIX_HEADER = YES;
				GCC_PREFIX_HEADER = "Silent Film/Silent Film-Prefix.pch";
				INFOPLIST_FILE = "Silent Film/Silent Film-Info.plist";
				IPHONEOS_DEPLOYMENT_TARGET = 7.0;
				PRODUCT_NAME = "$(TARGET_NAME)";
				PROVISIONING_PROFILE = "";
				VALID_ARCHS = "armv7 armv7s arm64";
				WRAPPER_EXTENSION = app;
			};
			name = Release;
		};
		BDB95A31190F67E00092AD8F /* Debug */ = {
			isa = XCBuildConfiguration;
			buildSettings = {
				BUNDLE_LOADER = "$(BUILT_PRODUCTS_DIR)/Silent Film.app/Silent Film";
				FRAMEWORK_SEARCH_PATHS = (
					"$(SDKROOT)/Developer/Library/Frameworks",
					"$(inherited)",
					"$(DEVELOPER_FRAMEWORKS_DIR)",
				);
				GCC_PRECOMPILE_PREFIX_HEADER = YES;
				GCC_PREFIX_HEADER = "Silent Film/Silent Film-Prefix.pch";
				GCC_PREPROCESSOR_DEFINITIONS = (
					"DEBUG=1",
					"$(inherited)",
				);
				INFOPLIST_FILE = "Silent FilmTests/Silent FilmTests-Info.plist";
				PRODUCT_NAME = "$(TARGET_NAME)";
				TEST_HOST = "$(BUNDLE_LOADER)";
				WRAPPER_EXTENSION = xctest;
			};
			name = Debug;
		};
		BDB95A32190F67E00092AD8F /* Release */ = {
			isa = XCBuildConfiguration;
			buildSettings = {
				BUNDLE_LOADER = "$(BUILT_PRODUCTS_DIR)/Silent Film.app/Silent Film";
				FRAMEWORK_SEARCH_PATHS = (
					"$(SDKROOT)/Developer/Library/Frameworks",
					"$(inherited)",
					"$(DEVELOPER_FRAMEWORKS_DIR)",
				);
				GCC_PRECOMPILE_PREFIX_HEADER = YES;
				GCC_PREFIX_HEADER = "Silent Film/Silent Film-Prefix.pch";
				INFOPLIST_FILE = "Silent FilmTests/Silent FilmTests-Info.plist";
				PRODUCT_NAME = "$(TARGET_NAME)";
				TEST_HOST = "$(BUNDLE_LOADER)";
				WRAPPER_EXTENSION = xctest;
			};
			name = Release;
		};
/* End XCBuildConfiguration section */

/* Begin XCConfigurationList section */
		BDB959F3190F67DF0092AD8F /* Build configuration list for PBXProject "Silent Film" */ = {
			isa = XCConfigurationList;
			buildConfigurations = (
				BDB95A2B190F67E00092AD8F /* Debug */,
				BDB95A2C190F67E00092AD8F /* Release */,
			);
			defaultConfigurationIsVisible = 0;
			defaultConfigurationName = Release;
		};
		BDB95A2D190F67E00092AD8F /* Build configuration list for PBXNativeTarget "Silent Film" */ = {
			isa = XCConfigurationList;
			buildConfigurations = (
				BDB95A2E190F67E00092AD8F /* Debug */,
				BDB95A2F190F67E00092AD8F /* Release */,
			);
			defaultConfigurationIsVisible = 0;
			defaultConfigurationName = Release;
		};
		BDB95A30190F67E00092AD8F /* Build configuration list for PBXNativeTarget "Silent FilmTests" */ = {
			isa = XCConfigurationList;
			buildConfigurations = (
				BDB95A31190F67E00092AD8F /* Debug */,
				BDB95A32190F67E00092AD8F /* Release */,
			);
			defaultConfigurationIsVisible = 0;
			defaultConfigurationName = Release;
		};
/* End XCConfigurationList section */
	};
	rootObject = BDB959F0190F67DF0092AD8F /* Project object */;
}
