PODS:
  - Facebook-iOS-SDK (3.13.1)
  - MBProgressHUD (0.8)
  - Parse (1.2.19):
    - Facebook-iOS-SDK (~> 3.11)
  - PonyDebugger (0.3.1):
    - SocketRocket
  - SocketRocket (0.3.1-beta2)

DEPENDENCIES:
  - Facebook-iOS-SDK
  - MBProgressHUD
  - Parse
  - PonyDebugger

SPEC CHECKSUMS:
  Facebook-iOS-SDK: 47ae9e54684c84f93d75d4e6ab47cd031abdf406
  MBProgressHUD: 2bbc6f470111daf7f3eaa4eb12b8cbf01c4c0622
  Parse: 3739f0b211c49115bad96d6b0969b804d4da2f24
  PonyDebugger: d31607145d785b2315cd6f6a4ebaa378eb0c1340
  SocketRocket: 7ac946bcce46287a791dfff3c1f8daa692821dae

COCOAPODS: 0.32.1
