PODS:
  - BlocksKit (2.2.3):
    - BlocksKit/All
  - BlocksKit/All (2.2.3):
    - BlocksKit/Core
    - BlocksKit/DynamicDelegate
    - BlocksKit/MessageUI
    - BlocksKit/UIKit
  - BlocksKit/Core (2.2.3)
  - BlocksKit/DynamicDelegate (2.2.3)
  - BlocksKit/MessageUI (2.2.3):
    - BlocksKit/Core
    - BlocksKit/DynamicDelegate
  - BlocksKit/UIKit (2.2.3):
    - BlocksKit/Core
    - BlocksKit/DynamicDelegate
  - Bolts (1.1.0)
  - Facebook-iOS-SDK (3.14.1):
    - Bolts
  - MBProgressHUD (0.8)
  - Parse (1.2.19):
    - Facebook-iOS-SDK (~> 3.11)
  - PonyDebugger (0.3.1):
    - SocketRocket
  - SDWebImage (3.6):
    - SDWebImage/Core
  - SDWebImage/Core (3.6)
  - SocketRocket (0.3.1-beta2)

DEPENDENCIES:
  - BlocksKit
  - Facebook-iOS-SDK
  - MBProgressHUD
  - Parse
  - PonyDebugger
  - SDWebImage

SPEC CHECKSUMS:
  BlocksKit: 07c8a80f04275efac6a5f8b973782489c083a182
  Bolts: 91c2af8eae1d44e1dd75946a5b0ae04a43ea43e4
  Facebook-iOS-SDK: e9b3d5ac54ee3e5e693f4eef470b97911b3d076d
  MBProgressHUD: c356980b0cd097f19acec959b49dca5eb8ec31be
  Parse: ffebaecaddd32cb52671010f81567c298ff93d04
  PonyDebugger: 256e19c15c093e15f950f92b1a5017f3feb3c87e
  SDWebImage: c6989652c1cdf27cbdf3f56957e2030f825af5bc
  SocketRocket: 79a68ae186063c65e1fe6f638b1ae2927aa5f304

COCOAPODS: 0.33.1
